
Microsoft Visual Studio Solution File, Format Version 11.00
# Visual Studio 2010
Project("{159641D6-6404-4A2A-AE62-294DE0FE8301}") = "DSA_SOFD_XML", "DSA_SOFD\DSA_SOFD_XML.dtproj", "{190F7774-15AD-479D-8BEF-786B7F117F7B}"
EndProject
Global
	GlobalSection(SolutionConfigurationPlatforms) = preSolution
		Development|Default = Development|Default
	EndGlobalSection
	GlobalSection(ProjectConfigurationPlatforms) = postSolution
		{190F7774-15AD-479D-8BEF-786B7F117F7B}.Development|Default.ActiveCfg = Development
		{190F7774-15AD-479D-8BEF-786B7F117F7B}.Development|Default.Build.0 = Development
	EndGlobalSection
	GlobalSection(SolutionProperties) = preSolution
		HideSolutionNode = FALSE
	EndGlobalSection
EndGlobal
